
Microsoft Visual Studio Solution File, Format Version 12.00
# Visual Studio Version 16
VisualStudioVersion = 16.0.29709.97
MinimumVisualStudioVersion = 10.0.40219.1
Project("{FAE04EC0-301F-11D3-BF4B-00C04F79EFBC}") = "Filter", "Filter\Filter.csproj", "{A6197738-06F9-46A7-85D0-42CB15249721}"
EndProject
Project("{FAE04EC0-301F-11D3-BF4B-00C04F79EFBC}") = "FilterTests", "FilterTests\FilterTests.csproj", "{2961B2A3-445C-40DB-B6C5-7B3F2066FC9D}"
EndProject
Global
	GlobalSection(SolutionConfigurationPlatforms) = preSolution
		Debug|Any CPU = Debug|Any CPU
		Release|Any CPU = Release|Any CPU
	EndGlobalSection
	GlobalSection(ProjectConfigurationPlatforms) = postSolution
		{A6197738-06F9-46A7-85D0-42CB15249721}.Debug|Any CPU.ActiveCfg = Debug|Any CPU
		{A6197738-06F9-46A7-85D0-42CB15249721}.Debug|Any CPU.Build.0 = Debug|Any CPU
		{A6197738-06F9-46A7-85D0-42CB15249721}.Release|Any CPU.ActiveCfg = Release|Any CPU
		{A6197738-06F9-46A7-85D0-42CB15249721}.Release|Any CPU.Build.0 = Release|Any CPU
		{2961B2A3-445C-40DB-B6C5-7B3F2066FC9D}.Debug|Any CPU.ActiveCfg = Debug|Any CPU
		{2961B2A3-445C-40DB-B6C5-7B3F2066FC9D}.Debug|Any CPU.Build.0 = Debug|Any CPU
		{2961B2A3-445C-40DB-B6C5-7B3F2066FC9D}.Release|Any CPU.ActiveCfg = Release|Any CPU
		{2961B2A3-445C-40DB-B6C5-7B3F2066FC9D}.Release|Any CPU.Build.0 = Release|Any CPU
	EndGlobalSection
	GlobalSection(SolutionProperties) = preSolution
		HideSolutionNode = FALSE
	EndGlobalSection
	GlobalSection(ExtensibilityGlobals) = postSolution
		SolutionGuid = {433B42B2-E123-45B9-B274-09BAF729FB17}
	EndGlobalSection
EndGlobal
